{
  "pins" : [
    {
      "identity" : "midiparser",
      "kind" : "remoteSourceControl",
      "location" : "https://github.com/akurtovic4/MidiParser",
      "state" : {
        "branch" : "master",
        "revision" : "351e73f975fa3518fa916e8a40e081c145e02f6b"
      }
    }
  ],
  "version" : 2
}
